
Microsoft Visual Studio Solution File, Format Version 12.00
# Visual Studio Version 16
VisualStudioVersion = 16.0.30320.27
MinimumVisualStudioVersion = 10.0.40219.1
Project("{FAE04EC0-301F-11D3-BF4B-00C04F79EFBC}") = "RestaurantRaterAPI", "RestaurantRaterAPI\RestaurantRaterAPI.csproj", "{D4022B81-2F0D-4237-A232-41DCB78F8162}"
EndProject
Global
	GlobalSection(SolutionConfigurationPlatforms) = preSolution
		Debug|Any CPU = Debug|Any CPU
		Release|Any CPU = Release|Any CPU
	EndGlobalSection
	GlobalSection(ProjectConfigurationPlatforms) = postSolution
		{D4022B81-2F0D-4237-A232-41DCB78F8162}.Debug|Any CPU.ActiveCfg = Debug|Any CPU
		{D4022B81-2F0D-4237-A232-41DCB78F8162}.Debug|Any CPU.Build.0 = Debug|Any CPU
		{D4022B81-2F0D-4237-A232-41DCB78F8162}.Release|Any CPU.ActiveCfg = Release|Any CPU
		{D4022B81-2F0D-4237-A232-41DCB78F8162}.Release|Any CPU.Build.0 = Release|Any CPU
	EndGlobalSection
	GlobalSection(SolutionProperties) = preSolution
		HideSolutionNode = FALSE
	EndGlobalSection
	GlobalSection(ExtensibilityGlobals) = postSolution
		SolutionGuid = {137D36BB-1BB5-4E43-9B2B-1B7781284F9C}
	EndGlobalSection
EndGlobal
